
Microsoft Visual Studio Solution File, Format Version 12.00
# Visual Studio Version 17
VisualStudioVersion = 17.12.35527.113 d17.12
MinimumVisualStudioVersion = 10.0.40219.1
Project("{FAE04EC0-301F-11D3-BF4B-00C04F79EFBC}") = "Mission10", "Mission10\Mission10.csproj", "{AC6DF6EE-AC55-4738-A9C7-C68051E4835A}"
EndProject
Global
	GlobalSection(SolutionConfigurationPlatforms) = preSolution
		Debug|Any CPU = Debug|Any CPU
		Release|Any CPU = Release|Any CPU
	EndGlobalSection
	GlobalSection(ProjectConfigurationPlatforms) = postSolution
		{AC6DF6EE-AC55-4738-A9C7-C68051E4835A}.Debug|Any CPU.ActiveCfg = Debug|Any CPU
		{AC6DF6EE-AC55-4738-A9C7-C68051E4835A}.Debug|Any CPU.Build.0 = Debug|Any CPU
		{AC6DF6EE-AC55-4738-A9C7-C68051E4835A}.Release|Any CPU.ActiveCfg = Release|Any CPU
		{AC6DF6EE-AC55-4738-A9C7-C68051E4835A}.Release|Any CPU.Build.0 = Release|Any CPU
	EndGlobalSection
	GlobalSection(SolutionProperties) = preSolution
		HideSolutionNode = FALSE
	EndGlobalSection
EndGlobal
